
Microsoft Visual Studio Solution File, Format Version 12.00
# Visual Studio Version 17
VisualStudioVersion = 17.0.31903.59
MinimumVisualStudioVersion = 10.0.40219.1
Project("{2150E333-8FDC-42A3-9474-1A3956D46DE8}") = "Solution Items", "Solution Items", "{11F6A76C-9850-4C34-BA32-4F885DD9AA6B}"
	ProjectSection(SolutionItems) = preProject
		.editorconfig = .editorconfig
		Directory.Build.props = Directory.Build.props
		src\Directory.Build.props = src\Directory.Build.props
		Directory.Packages.props = Directory.Packages.props
	EndProjectSection
EndProject
Project("{9A19103F-16F7-4668-BE54-9A1E7A4F7556}") = "Attribinter.Mappers.Collectors.Managed.Core", "src\Attribinter.Mappers.Collectors.Managed.Core\Attribinter.Mappers.Collectors.Managed.Core.csproj", "{62833FD6-AA21-408F-AF0A-CAB00A6CADB9}"
EndProject
Project("{9A19103F-16F7-4668-BE54-9A1E7A4F7556}") = "Attribinter.Mappers.Collectors.Managed.Abstractions", "src\Attribinter.Mappers.Collectors.Managed.Abstractions\Attribinter.Mappers.Collectors.Managed.Abstractions.csproj", "{A95D0D6E-AF79-4057-9E65-7F73D1BF8269}"
EndProject
Project("{9A19103F-16F7-4668-BE54-9A1E7A4F7556}") = "Attribinter.Mappers.Collectors.Managed", "src\Attribinter.Mappers.Collectors.Managed\Attribinter.Mappers.Collectors.Managed.csproj", "{62DCC2EA-FB80-43AF-8B4F-2DCC531256C2}"
EndProject
Project("{9A19103F-16F7-4668-BE54-9A1E7A4F7556}") = "Attribinter.Mappers.Collectors.Managed.DependencyInjection", "src\Attribinter.Mappers.Collectors.Managed.DependencyInjection\Attribinter.Mappers.Collectors.Managed.DependencyInjection.csproj", "{910963C5-8ABA-4A2F-A88B-5E341B1B1486}"
EndProject
Project("{9A19103F-16F7-4668-BE54-9A1E7A4F7556}") = "Attribinter.Mappers.Collectors.Managed.IntegrationTests", "tests\integration\Attribinter.Mappers.Collectors.Managed.IntegrationTests\Attribinter.Mappers.Collectors.Managed.IntegrationTests.csproj", "{BC285F81-225E-4D54-94C8-2B84AEB1D50F}"
EndProject
Project("{FAE04EC0-301F-11D3-BF4B-00C04F79EFBC}") = "Attribinter.Mappers.Collectors.Managed.UnitTests", "tests\unit\Attribinter.Mappers.Collectors.Managed.UnitTests\Attribinter.Mappers.Collectors.Managed.UnitTests.csproj", "{F406E979-058B-4CA1-970E-F6B52B1F1B24}"
EndProject
Global
	GlobalSection(SolutionConfigurationPlatforms) = preSolution
		Debug|Any CPU = Debug|Any CPU
		Release|Any CPU = Release|Any CPU
	EndGlobalSection
	GlobalSection(ProjectConfigurationPlatforms) = postSolution
		{62833FD6-AA21-408F-AF0A-CAB00A6CADB9}.Debug|Any CPU.ActiveCfg = Debug|Any CPU
		{62833FD6-AA21-408F-AF0A-CAB00A6CADB9}.Debug|Any CPU.Build.0 = Debug|Any CPU
		{62833FD6-AA21-408F-AF0A-CAB00A6CADB9}.Release|Any CPU.ActiveCfg = Release|Any CPU
		{62833FD6-AA21-408F-AF0A-CAB00A6CADB9}.Release|Any CPU.Build.0 = Release|Any CPU
		{A95D0D6E-AF79-4057-9E65-7F73D1BF8269}.Debug|Any CPU.ActiveCfg = Debug|Any CPU
		{A95D0D6E-AF79-4057-9E65-7F73D1BF8269}.Debug|Any CPU.Build.0 = Debug|Any CPU
		{A95D0D6E-AF79-4057-9E65-7F73D1BF8269}.Release|Any CPU.ActiveCfg = Release|Any CPU
		{A95D0D6E-AF79-4057-9E65-7F73D1BF8269}.Release|Any CPU.Build.0 = Release|Any CPU
		{62DCC2EA-FB80-43AF-8B4F-2DCC531256C2}.Debug|Any CPU.ActiveCfg = Debug|Any CPU
		{62DCC2EA-FB80-43AF-8B4F-2DCC531256C2}.Debug|Any CPU.Build.0 = Debug|Any CPU
		{62DCC2EA-FB80-43AF-8B4F-2DCC531256C2}.Release|Any CPU.ActiveCfg = Release|Any CPU
		{62DCC2EA-FB80-43AF-8B4F-2DCC531256C2}.Release|Any CPU.Build.0 = Release|Any CPU
		{910963C5-8ABA-4A2F-A88B-5E341B1B1486}.Debug|Any CPU.ActiveCfg = Debug|Any CPU
		{910963C5-8ABA-4A2F-A88B-5E341B1B1486}.Debug|Any CPU.Build.0 = Debug|Any CPU
		{910963C5-8ABA-4A2F-A88B-5E341B1B1486}.Release|Any CPU.ActiveCfg = Release|Any CPU
		{910963C5-8ABA-4A2F-A88B-5E341B1B1486}.Release|Any CPU.Build.0 = Release|Any CPU
		{BC285F81-225E-4D54-94C8-2B84AEB1D50F}.Debug|Any CPU.ActiveCfg = Debug|Any CPU
		{BC285F81-225E-4D54-94C8-2B84AEB1D50F}.Debug|Any CPU.Build.0 = Debug|Any CPU
		{BC285F81-225E-4D54-94C8-2B84AEB1D50F}.Release|Any CPU.ActiveCfg = Release|Any CPU
		{BC285F81-225E-4D54-94C8-2B84AEB1D50F}.Release|Any CPU.Build.0 = Release|Any CPU
		{F406E979-058B-4CA1-970E-F6B52B1F1B24}.Debug|Any CPU.ActiveCfg = Debug|Any CPU
		{F406E979-058B-4CA1-970E-F6B52B1F1B24}.Debug|Any CPU.Build.0 = Debug|Any CPU
		{F406E979-058B-4CA1-970E-F6B52B1F1B24}.Release|Any CPU.ActiveCfg = Release|Any CPU
		{F406E979-058B-4CA1-970E-F6B52B1F1B24}.Release|Any CPU.Build.0 = Release|Any CPU
	EndGlobalSection
	GlobalSection(SolutionProperties) = preSolution
		HideSolutionNode = FALSE
	EndGlobalSection
	GlobalSection(ExtensibilityGlobals) = postSolution
		SolutionGuid = {E8EDF550-7B93-4D41-96D3-A3BDA9FC61C3}
	EndGlobalSection
EndGlobal
